// !$*UTF8*$!
{
	archiveVersion = 1;
	classes = {
	};
	objectVersion = 56;
	objects = {

/* Begin PBXBuildFile section */
		09AB9BE429F8005A008A7BC3 /* GeofencingDemoApp.swift in Sources */ = {isa = PBXBuildFile; fileRef = 09AB9BE329F8005A008A7BC3 /* GeofencingDemoApp.swift */; };
		09AB9BE629F8005A008A7BC3 /* JourneyView.swift in Sources */ = {isa = PBXBuildFile; fileRef = 09AB9BE529F8005A008A7BC3 /* JourneyView.swift */; };
		09AB9BE829F8005B008A7BC3 /* Assets.xcassets in Resources */ = {isa = PBXBuildFile; fileRef = 09AB9BE729F8005B008A7BC3 /* Assets.xcassets */; };
		09AB9BEB29F8005B008A7BC3 /* Preview Assets.xcassets in Resources */ = {isa = PBXBuildFile; fileRef = 09AB9BEA29F8005B008A7BC3 /* Preview Assets.xcassets */; };
		09AB9BF529F8005B008A7BC3 /* ios_geofencing_demoTests.swift in Sources */ = {isa = PBXBuildFile; fileRef = 09AB9BF429F8005B008A7BC3 /* ios_geofencing_demoTests.swift */; };
		09AB9C0E29F801C4008A7BC3 /* GeofencingDemoAppDelegate.swift in Sources */ = {isa = PBXBuildFile; fileRef = 09AB9C0D29F801C4008A7BC3 /* GeofencingDemoAppDelegate.swift */; };
		09AB9C1029F80692008A7BC3 /* GeofencingDemoSceneDelegate.swift in Sources */ = {isa = PBXBuildFile; fileRef = 09AB9C0F29F80692008A7BC3 /* GeofencingDemoSceneDelegate.swift */; };
		09AB9C1429F949A9008A7BC3 /* JourneyViewModel.swift in Sources */ = {isa = PBXBuildFile; fileRef = 09AB9C1329F949A9008A7BC3 /* JourneyViewModel.swift */; };
		09AB9C1629F949E4008A7BC3 /* Namespace.swift in Sources */ = {isa = PBXBuildFile; fileRef = 09AB9C1529F949E4008A7BC3 /* Namespace.swift */; };
/* End PBXBuildFile section */

/* Begin PBXContainerItemProxy section */
		09AB9BF129F8005B008A7BC3 /* PBXContainerItemProxy */ = {
			isa = PBXContainerItemProxy;
			containerPortal = 09AB9BD829F8005A008A7BC3 /* Project object */;
			proxyType = 1;
			remoteGlobalIDString = 09AB9BDF29F8005A008A7BC3;
			remoteInfo = "ios-geofencing-demo";
		};
/* End PBXContainerItemProxy section */

/* Begin PBXFileReference section */
		09AB9BE029F8005A008A7BC3 /* ios-geofencing-demo.app */ = {isa = PBXFileReference; explicitFileType = wrapper.application; includeInIndex = 0; path = "ios-geofencing-demo.app"; sourceTree = BUILT_PRODUCTS_DIR; };
		09AB9BE329F8005A008A7BC3 /* GeofencingDemoApp.swift */ = {isa = PBXFileReference; lastKnownFileType = sourcecode.swift; path = GeofencingDemoApp.swift; sourceTree = "<group>"; };
		09AB9BE529F8005A008A7BC3 /* JourneyView.swift */ = {isa = PBXFileReference; lastKnownFileType = sourcecode.swift; path = JourneyView.swift; sourceTree = "<group>"; };
		09AB9BE729F8005B008A7BC3 /* Assets.xcassets */ = {isa = PBXFileReference; lastKnownFileType = folder.assetcatalog; path = Assets.xcassets; sourceTree = "<group>"; };
		09AB9BEA29F8005B008A7BC3 /* Preview Assets.xcassets */ = {isa = PBXFileReference; lastKnownFileType = folder.assetcatalog; path = "Preview Assets.xcassets"; sourceTree = "<group>"; };
		09AB9BF029F8005B008A7BC3 /* ios-geofencing-demoTests.xctest */ = {isa = PBXFileReference; explicitFileType = wrapper.cfbundle; includeInIndex = 0; path = "ios-geofencing-demoTests.xctest"; sourceTree = BUILT_PRODUCTS_DIR; };
		09AB9BF429F8005B008A7BC3 /* ios_geofencing_demoTests.swift */ = {isa = PBXFileReference; lastKnownFileType = sourcecode.swift; path = ios_geofencing_demoTests.swift; sourceTree = "<group>"; };
		09AB9C0D29F801C4008A7BC3 /* GeofencingDemoAppDelegate.swift */ = {isa = PBXFileReference; lastKnownFileType = sourcecode.swift; path = GeofencingDemoAppDelegate.swift; sourceTree = "<group>"; };
		09AB9C0F29F80692008A7BC3 /* GeofencingDemoSceneDelegate.swift */ = {isa = PBXFileReference; lastKnownFileType = sourcecode.swift; path = GeofencingDemoSceneDelegate.swift; sourceTree = "<group>"; };
		09AB9C1329F949A9008A7BC3 /* JourneyViewModel.swift */ = {isa = PBXFileReference; lastKnownFileType = sourcecode.swift; path = JourneyViewModel.swift; sourceTree = "<group>"; };
		09AB9C1529F949E4008A7BC3 /* Namespace.swift */ = {isa = PBXFileReference; lastKnownFileType = sourcecode.swift; path = Namespace.swift; sourceTree = "<group>"; };
/* End PBXFileReference section */

/* Begin PBXFrameworksBuildPhase section */
		09AB9BDD29F8005A008A7BC3 /* Frameworks */ = {
			isa = PBXFrameworksBuildPhase;
			buildActionMask = 2147483647;
			files = (
			);
			runOnlyForDeploymentPostprocessing = 0;
		};
		09AB9BED29F8005B008A7BC3 /* Frameworks */ = {
			isa = PBXFrameworksBuildPhase;
			buildActionMask = 2147483647;
			files = (
			);
			runOnlyForDeploymentPostprocessing = 0;
		};
/* End PBXFrameworksBuildPhase section */

/* Begin PBXGroup section */
		09AB9BD729F8005A008A7BC3 = {
			isa = PBXGroup;
			children = (
				09AB9BE229F8005A008A7BC3 /* ios-geofencing-demo */,
				09AB9BF329F8005B008A7BC3 /* ios-geofencing-demoTests */,
				09AB9BE129F8005A008A7BC3 /* Products */,
			);
			sourceTree = "<group>";
		};
		09AB9BE129F8005A008A7BC3 /* Products */ = {
			isa = PBXGroup;
			children = (
				09AB9BE029F8005A008A7BC3 /* ios-geofencing-demo.app */,
				09AB9BF029F8005B008A7BC3 /* ios-geofencing-demoTests.xctest */,
			);
			name = Products;
			sourceTree = "<group>";
		};
		09AB9BE229F8005A008A7BC3 /* ios-geofencing-demo */ = {
			isa = PBXGroup;
			children = (
				09AB9BE329F8005A008A7BC3 /* GeofencingDemoApp.swift */,
				09AB9C0F29F80692008A7BC3 /* GeofencingDemoSceneDelegate.swift */,
				09AB9C0D29F801C4008A7BC3 /* GeofencingDemoAppDelegate.swift */,
				09AB9C1529F949E4008A7BC3 /* Namespace.swift */,
				09AB9C1229F94988008A7BC3 /* ViewModel */,
				09AB9C1129F94910008A7BC3 /* View */,
				09AB9BE729F8005B008A7BC3 /* Assets.xcassets */,
				09AB9BE929F8005B008A7BC3 /* Preview Content */,
			);
			path = "ios-geofencing-demo";
			sourceTree = "<group>";
		};
		09AB9BE929F8005B008A7BC3 /* Preview Content */ = {
			isa = PBXGroup;
			children = (
				09AB9BEA29F8005B008A7BC3 /* Preview Assets.xcassets */,
			);
			path = "Preview Content";
			sourceTree = "<group>";
		};
		09AB9BF329F8005B008A7BC3 /* ios-geofencing-demoTests */ = {
			isa = PBXGroup;
			children = (
				09AB9BF429F8005B008A7BC3 /* ios_geofencing_demoTests.swift */,
			);
			path = "ios-geofencing-demoTests";
			sourceTree = "<group>";
		};
		09AB9C1129F94910008A7BC3 /* View */ = {
			isa = PBXGroup;
			children = (
				09AB9BE529F8005A008A7BC3 /* JourneyView.swift */,
			);
			path = View;
			sourceTree = "<group>";
		};
		09AB9C1229F94988008A7BC3 /* ViewModel */ = {
			isa = PBXGroup;
			children = (
				09AB9C1329F949A9008A7BC3 /* JourneyViewModel.swift */,
			);
			path = ViewModel;
			sourceTree = "<group>";
		};
/* End PBXGroup section */

/* Begin PBXNativeTarget section */
		09AB9BDF29F8005A008A7BC3 /* ios-geofencing-demo */ = {
			isa = PBXNativeTarget;
			buildConfigurationList = 09AB9C0429F8005B008A7BC3 /* Build configuration list for PBXNativeTarget "ios-geofencing-demo" */;
			buildPhases = (
				09AB9BDC29F8005A008A7BC3 /* Sources */,
				09AB9BDD29F8005A008A7BC3 /* Frameworks */,
				09AB9BDE29F8005A008A7BC3 /* Resources */,
			);
			buildRules = (
			);
			dependencies = (
			);
			name = "ios-geofencing-demo";
			productName = "ios-geofencing-demo";
			productReference = 09AB9BE029F8005A008A7BC3 /* ios-geofencing-demo.app */;
			productType = "com.apple.product-type.application";
		};
		09AB9BEF29F8005B008A7BC3 /* ios-geofencing-demoTests */ = {
			isa = PBXNativeTarget;
			buildConfigurationList = 09AB9C0729F8005B008A7BC3 /* Build configuration list for PBXNativeTarget "ios-geofencing-demoTests" */;
			buildPhases = (
				09AB9BEC29F8005B008A7BC3 /* Sources */,
				09AB9BED29F8005B008A7BC3 /* Frameworks */,
				09AB9BEE29F8005B008A7BC3 /* Resources */,
			);
			buildRules = (
			);
			dependencies = (
				09AB9BF229F8005B008A7BC3 /* PBXTargetDependency */,
			);
			name = "ios-geofencing-demoTests";
			productName = "ios-geofencing-demoTests";
			productReference = 09AB9BF029F8005B008A7BC3 /* ios-geofencing-demoTests.xctest */;
			productType = "com.apple.product-type.bundle.unit-test";
		};
/* End PBXNativeTarget section */

/* Begin PBXProject section */
		09AB9BD829F8005A008A7BC3 /* Project object */ = {
			isa = PBXProject;
			attributes = {
				BuildIndependentTargetsInParallel = 1;
				LastSwiftUpdateCheck = 1430;
				LastUpgradeCheck = 1430;
				TargetAttributes = {
					09AB9BDF29F8005A008A7BC3 = {
						CreatedOnToolsVersion = 14.3;
					};
					09AB9BEF29F8005B008A7BC3 = {
						CreatedOnToolsVersion = 14.3;
						TestTargetID = 09AB9BDF29F8005A008A7BC3;
					};
				};
			};
			buildConfigurationList = 09AB9BDB29F8005A008A7BC3 /* Build configuration list for PBXProject "ios-geofencing-demo" */;
			compatibilityVersion = "Xcode 14.0";
			developmentRegion = en;
			hasScannedForEncodings = 0;
			knownRegions = (
				en,
				Base,
			);
			mainGroup = 09AB9BD729F8005A008A7BC3;
			productRefGroup = 09AB9BE129F8005A008A7BC3 /* Products */;
			projectDirPath = "";
			projectRoot = "";
			targets = (
				09AB9BDF29F8005A008A7BC3 /* ios-geofencing-demo */,
				09AB9BEF29F8005B008A7BC3 /* ios-geofencing-demoTests */,
			);
		};
/* End PBXProject section */

/* Begin PBXResourcesBuildPhase section */
		09AB9BDE29F8005A008A7BC3 /* Resources */ = {
			isa = PBXResourcesBuildPhase;
			buildActionMask = 2147483647;
			files = (
				09AB9BEB29F8005B008A7BC3 /* Preview Assets.xcassets in Resources */,
				09AB9BE829F8005B008A7BC3 /* Assets.xcassets in Resources */,
			);
			runOnlyForDeploymentPostprocessing = 0;
		};
		09AB9BEE29F8005B008A7BC3 /* Resources */ = {
			isa = PBXResourcesBuildPhase;
			buildActionMask = 2147483647;
			files = (
			);
			runOnlyForDeploymentPostprocessing = 0;
		};
/* End PBXResourcesBuildPhase section */

/* Begin PBXSourcesBuildPhase section */
		09AB9BDC29F8005A008A7BC3 /* Sources */ = {
			isa = PBXSourcesBuildPhase;
			buildActionMask = 2147483647;
			files = (
				09AB9BE629F8005A008A7BC3 /* JourneyView.swift in Sources */,
				09AB9C1629F949E4008A7BC3 /* Namespace.swift in Sources */,
				09AB9C1029F80692008A7BC3 /* GeofencingDemoSceneDelegate.swift in Sources */,
				09AB9C1429F949A9008A7BC3 /* JourneyViewModel.swift in Sources */,
				09AB9C0E29F801C4008A7BC3 /* GeofencingDemoAppDelegate.swift in Sources */,
				09AB9BE429F8005A008A7BC3 /* GeofencingDemoApp.swift in Sources */,
			);
			runOnlyForDeploymentPostprocessing = 0;
		};
		09AB9BEC29F8005B008A7BC3 /* Sources */ = {
			isa = PBXSourcesBuildPhase;
			buildActionMask = 2147483647;
			files = (
				09AB9BF529F8005B008A7BC3 /* ios_geofencing_demoTests.swift in Sources */,
			);
			runOnlyForDeploymentPostprocessing = 0;
		};
/* End PBXSourcesBuildPhase section */

/* Begin PBXTargetDependency section */
		09AB9BF229F8005B008A7BC3 /* PBXTargetDependency */ = {
			isa = PBXTargetDependency;
			target = 09AB9BDF29F8005A008A7BC3 /* ios-geofencing-demo */;
			targetProxy = 09AB9BF129F8005B008A7BC3 /* PBXContainerItemProxy */;
		};
/* End PBXTargetDependency section */

/* Begin XCBuildConfiguration section */
		09AB9C0229F8005B008A7BC3 /* Debug */ = {
			isa = XCBuildConfiguration;
			buildSettings = {
				ALWAYS_SEARCH_USER_PATHS = NO;
				CLANG_ANALYZER_NONNULL = YES;
				CLANG_ANALYZER_NUMBER_OBJECT_CONVERSION = YES_AGGRESSIVE;
				CLANG_CXX_LANGUAGE_STANDARD = "gnu++20";
				CLANG_ENABLE_MODULES = YES;
				CLANG_ENABLE_OBJC_ARC = YES;
				CLANG_ENABLE_OBJC_WEAK = YES;
				CLANG_WARN_BLOCK_CAPTURE_AUTORELEASING = YES;
				CLANG_WARN_BOOL_CONVERSION = YES;
				CLANG_WARN_COMMA = YES;
				CLANG_WARN_CONSTANT_CONVERSION = YES;
				CLANG_WARN_DEPRECATED_OBJC_IMPLEMENTATIONS = YES;
				CLANG_WARN_DIRECT_OBJC_ISA_USAGE = YES_ERROR;
				CLANG_WARN_DOCUMENTATION_COMMENTS = YES;
				CLANG_WARN_EMPTY_BODY = YES;
				CLANG_WARN_ENUM_CONVERSION = YES;
				CLANG_WARN_INFINITE_RECURSION = YES;
				CLANG_WARN_INT_CONVERSION = YES;
				CLANG_WARN_NON_LITERAL_NULL_CONVERSION = YES;
				CLANG_WARN_OBJC_IMPLICIT_RETAIN_SELF = YES;
				CLANG_WARN_OBJC_LITERAL_CONVERSION = YES;
				CLANG_WARN_OBJC_ROOT_CLASS = YES_ERROR;
				CLANG_WARN_QUOTED_INCLUDE_IN_FRAMEWORK_HEADER = YES;
				CLANG_WARN_RANGE_LOOP_ANALYSIS = YES;
				CLANG_WARN_STRICT_PROTOTYPES = YES;
				CLANG_WARN_SUSPICIOUS_MOVE = YES;
				CLANG_WARN_UNGUARDED_AVAILABILITY = YES_AGGRESSIVE;
				CLANG_WARN_UNREACHABLE_CODE = YES;
				CLANG_WARN__DUPLICATE_METHOD_MATCH = YES;
				COPY_PHASE_STRIP = NO;
				DEBUG_INFORMATION_FORMAT = dwarf;
				ENABLE_STRICT_OBJC_MSGSEND = YES;
				ENABLE_TESTABILITY = YES;
				GCC_C_LANGUAGE_STANDARD = gnu11;
				GCC_DYNAMIC_NO_PIC = NO;
				GCC_NO_COMMON_BLOCKS = YES;
				GCC_OPTIMIZATION_LEVEL = 0;
				GCC_PREPROCESSOR_DEFINITIONS = (
					"DEBUG=1",
					"$(inherited)",
				);
				GCC_WARN_64_TO_32_BIT_CONVERSION = YES;
				GCC_WARN_ABOUT_RETURN_TYPE = YES_ERROR;
				GCC_WARN_UNDECLARED_SELECTOR = YES;
				GCC_WARN_UNINITIALIZED_AUTOS = YES_AGGRESSIVE;
				GCC_WARN_UNUSED_FUNCTION = YES;
				GCC_WARN_UNUSED_VARIABLE = YES;
				IPHONEOS_DEPLOYMENT_TARGET = 16.4;
				MTL_ENABLE_DEBUG_INFO = INCLUDE_SOURCE;
				MTL_FAST_MATH = YES;
				ONLY_ACTIVE_ARCH = YES;
				SDKROOT = iphoneos;
				SWIFT_ACTIVE_COMPILATION_CONDITIONS = DEBUG;
				SWIFT_OPTIMIZATION_LEVEL = "-Onone";
			};
			name = Debug;
		};
		09AB9C0329F8005B008A7BC3 /* Release */ = {
			isa = XCBuildConfiguration;
			buildSettings = {
				ALWAYS_SEARCH_USER_PATHS = NO;
				CLANG_ANALYZER_NONNULL = YES;
				CLANG_ANALYZER_NUMBER_OBJECT_CONVERSION = YES_AGGRESSIVE;
				CLANG_CXX_LANGUAGE_STANDARD = "gnu++20";
				CLANG_ENABLE_MODULES = YES;
				CLANG_ENABLE_OBJC_ARC = YES;
				CLANG_ENABLE_OBJC_WEAK = YES;
				CLANG_WARN_BLOCK_CAPTURE_AUTORELEASING = YES;
				CLANG_WARN_BOOL_CONVERSION = YES;
				CLANG_WARN_COMMA = YES;
				CLANG_WARN_CONSTANT_CONVERSION = YES;
				CLANG_WARN_DEPRECATED_OBJC_IMPLEMENTATIONS = YES;
				CLANG_WARN_DIRECT_OBJC_ISA_USAGE = YES_ERROR;
				CLANG_WARN_DOCUMENTATION_COMMENTS = YES;
				CLANG_WARN_EMPTY_BODY = YES;
				CLANG_WARN_ENUM_CONVERSION = YES;
				CLANG_WARN_INFINITE_RECURSION = YES;
				CLANG_WARN_INT_CONVERSION = YES;
				CLANG_WARN_NON_LITERAL_NULL_CONVERSION = YES;
				CLANG_WARN_OBJC_IMPLICIT_RETAIN_SELF = YES;
				CLANG_WARN_OBJC_LITERAL_CONVERSION = YES;
				CLANG_WARN_OBJC_ROOT_CLASS = YES_ERROR;
				CLANG_WARN_QUOTED_INCLUDE_IN_FRAMEWORK_HEADER = YES;
				CLANG_WARN_RANGE_LOOP_ANALYSIS = YES;
				CLANG_WARN_STRICT_PROTOTYPES = YES;
				CLANG_WARN_SUSPICIOUS_MOVE = YES;
				CLANG_WARN_UNGUARDED_AVAILABILITY = YES_AGGRESSIVE;
				CLANG_WARN_UNREACHABLE_CODE = YES;
				CLANG_WARN__DUPLICATE_METHOD_MATCH = YES;
				COPY_PHASE_STRIP = NO;
				DEBUG_INFORMATION_FORMAT = "dwarf-with-dsym";
				ENABLE_NS_ASSERTIONS = NO;
				ENABLE_STRICT_OBJC_MSGSEND = YES;
				GCC_C_LANGUAGE_STANDARD = gnu11;
				GCC_NO_COMMON_BLOCKS = YES;
				GCC_WARN_64_TO_32_BIT_CONVERSION = YES;
				GCC_WARN_ABOUT_RETURN_TYPE = YES_ERROR;
				GCC_WARN_UNDECLARED_SELECTOR = YES;
				GCC_WARN_UNINITIALIZED_AUTOS = YES_AGGRESSIVE;
				GCC_WARN_UNUSED_FUNCTION = YES;
				GCC_WARN_UNUSED_VARIABLE = YES;
				IPHONEOS_DEPLOYMENT_TARGET = 16.4;
				MTL_ENABLE_DEBUG_INFO = NO;
				MTL_FAST_MATH = YES;
				SDKROOT = iphoneos;
				SWIFT_COMPILATION_MODE = wholemodule;
				SWIFT_OPTIMIZATION_LEVEL = "-O";
				VALIDATE_PRODUCT = YES;
			};
			name = Release;
		};
		09AB9C0529F8005B008A7BC3 /* Debug */ = {
			isa = XCBuildConfiguration;
			buildSettings = {
				ASSETCATALOG_COMPILER_APPICON_NAME = AppIcon;
				ASSETCATALOG_COMPILER_GLOBAL_ACCENT_COLOR_NAME = AccentColor;
				CODE_SIGN_STYLE = Automatic;
				CURRENT_PROJECT_VERSION = 1;
				DEVELOPMENT_ASSET_PATHS = "\"ios-geofencing-demo/Preview Content\"";
				DEVELOPMENT_TEAM = HUV2SZ24Y2;
				ENABLE_PREVIEWS = YES;
				GENERATE_INFOPLIST_FILE = YES;
				INFOPLIST_KEY_UIApplicationSceneManifest_Generation = YES;
				INFOPLIST_KEY_UIApplicationSupportsIndirectInputEvents = YES;
				INFOPLIST_KEY_UILaunchScreen_Generation = YES;
				INFOPLIST_KEY_UISupportedInterfaceOrientations_iPad = "UIInterfaceOrientationPortrait UIInterfaceOrientationPortraitUpsideDown UIInterfaceOrientationLandscapeLeft UIInterfaceOrientationLandscapeRight";
				INFOPLIST_KEY_UISupportedInterfaceOrientations_iPhone = "UIInterfaceOrientationPortrait UIInterfaceOrientationLandscapeLeft UIInterfaceOrientationLandscapeRight";
				LD_RUNPATH_SEARCH_PATHS = (
					"$(inherited)",
					"@executable_path/Frameworks",
				);
				MARKETING_VERSION = 1.0;
				PRODUCT_BUNDLE_IDENTIFIER = "com.pronin.ios-geofencing-demo";
				PRODUCT_NAME = "$(TARGET_NAME)";
				SWIFT_EMIT_LOC_STRINGS = YES;
				SWIFT_VERSION = 5.0;
				TARGETED_DEVICE_FAMILY = "1,2";
			};
			name = Debug;
		};
		09AB9C0629F8005B008A7BC3 /* Release */ = {
			isa = XCBuildConfiguration;
			buildSettings = {
				ASSETCATALOG_COMPILER_APPICON_NAME = AppIcon;
				ASSETCATALOG_COMPILER_GLOBAL_ACCENT_COLOR_NAME = AccentColor;
				CODE_SIGN_STYLE = Automatic;
				CURRENT_PROJECT_VERSION = 1;
				DEVELOPMENT_ASSET_PATHS = "\"ios-geofencing-demo/Preview Content\"";
				DEVELOPMENT_TEAM = HUV2SZ24Y2;
				ENABLE_PREVIEWS = YES;
				GENERATE_INFOPLIST_FILE = YES;
				INFOPLIST_KEY_UIApplicationSceneManifest_Generation = YES;
				INFOPLIST_KEY_UIApplicationSupportsIndirectInputEvents = YES;
				INFOPLIST_KEY_UILaunchScreen_Generation = YES;
				INFOPLIST_KEY_UISupportedInterfaceOrientations_iPad = "UIInterfaceOrientationPortrait UIInterfaceOrientationPortraitUpsideDown UIInterfaceOrientationLandscapeLeft UIInterfaceOrientationLandscapeRight";
				INFOPLIST_KEY_UISupportedInterfaceOrientations_iPhone = "UIInterfaceOrientationPortrait UIInterfaceOrientationLandscapeLeft UIInterfaceOrientationLandscapeRight";
				LD_RUNPATH_SEARCH_PATHS = (
					"$(inherited)",
					"@executable_path/Frameworks",
				);
				MARKETING_VERSION = 1.0;
				PRODUCT_BUNDLE_IDENTIFIER = "com.pronin.ios-geofencing-demo";
				PRODUCT_NAME = "$(TARGET_NAME)";
				SWIFT_EMIT_LOC_STRINGS = YES;
				SWIFT_VERSION = 5.0;
				TARGETED_DEVICE_FAMILY = "1,2";
			};
			name = Release;
		};
		09AB9C0829F8005B008A7BC3 /* Debug */ = {
			isa = XCBuildConfiguration;
			buildSettings = {
				ALWAYS_EMBED_SWIFT_STANDARD_LIBRARIES = YES;
				BUNDLE_LOADER = "$(TEST_HOST)";
				CODE_SIGN_STYLE = Automatic;
				CURRENT_PROJECT_VERSION = 1;
				GENERATE_INFOPLIST_FILE = YES;
				IPHONEOS_DEPLOYMENT_TARGET = 16.4;
				MARKETING_VERSION = 1.0;
				PRODUCT_BUNDLE_IDENTIFIER = "com.pronin.ios-geofencing-demoTests";
				PRODUCT_NAME = "$(TARGET_NAME)";
				SWIFT_EMIT_LOC_STRINGS = NO;
				SWIFT_VERSION = 5.0;
				TARGETED_DEVICE_FAMILY = "1,2";
				TEST_HOST = "$(BUILT_PRODUCTS_DIR)/ios-geofencing-demo.app/$(BUNDLE_EXECUTABLE_FOLDER_PATH)/ios-geofencing-demo";
			};
			name = Debug;
		};
		09AB9C0929F8005B008A7BC3 /* Release */ = {
			isa = XCBuildConfiguration;
			buildSettings = {
				ALWAYS_EMBED_SWIFT_STANDARD_LIBRARIES = YES;
				BUNDLE_LOADER = "$(TEST_HOST)";
				CODE_SIGN_STYLE = Automatic;
				CURRENT_PROJECT_VERSION = 1;
				GENERATE_INFOPLIST_FILE = YES;
				IPHONEOS_DEPLOYMENT_TARGET = 16.4;
				MARKETING_VERSION = 1.0;
				PRODUCT_BUNDLE_IDENTIFIER = "com.pronin.ios-geofencing-demoTests";
				PRODUCT_NAME = "$(TARGET_NAME)";
				SWIFT_EMIT_LOC_STRINGS = NO;
				SWIFT_VERSION = 5.0;
				TARGETED_DEVICE_FAMILY = "1,2";
				TEST_HOST = "$(BUILT_PRODUCTS_DIR)/ios-geofencing-demo.app/$(BUNDLE_EXECUTABLE_FOLDER_PATH)/ios-geofencing-demo";
			};
			name = Release;
		};
/* End XCBuildConfiguration section */

/* Begin XCConfigurationList section */
		09AB9BDB29F8005A008A7BC3 /* Build configuration list for PBXProject "ios-geofencing-demo" */ = {
			isa = XCConfigurationList;
			buildConfigurations = (
				09AB9C0229F8005B008A7BC3 /* Debug */,
				09AB9C0329F8005B008A7BC3 /* Release */,
			);
			defaultConfigurationIsVisible = 0;
			defaultConfigurationName = Release;
		};
		09AB9C0429F8005B008A7BC3 /* Build configuration list for PBXNativeTarget "ios-geofencing-demo" */ = {
			isa = XCConfigurationList;
			buildConfigurations = (
				09AB9C0529F8005B008A7BC3 /* Debug */,
				09AB9C0629F8005B008A7BC3 /* Release */,
			);
			defaultConfigurationIsVisible = 0;
			defaultConfigurationName = Release;
		};
		09AB9C0729F8005B008A7BC3 /* Build configuration list for PBXNativeTarget "ios-geofencing-demoTests" */ = {
			isa = XCConfigurationList;
			buildConfigurations = (
				09AB9C0829F8005B008A7BC3 /* Debug */,
				09AB9C0929F8005B008A7BC3 /* Release */,
			);
			defaultConfigurationIsVisible = 0;
			defaultConfigurationName = Release;
		};
/* End XCConfigurationList section */
	};
	rootObject = 09AB9BD829F8005A008A7BC3 /* Project object */;
}
